PODS:
  - Flutter (1.0.0)
  - haptic_feedback (0.5.1):
    - Flutter
  - image_picker_ios (0.0.1):
    - Flutter
  - photo_manager (2.0.0):
    - Flutter
    - FlutterMacOS

DEPENDENCIES:
  - Flutter (from `Flutter`)
  - haptic_feedback (from `.symlinks/plugins/haptic_feedback/ios`)
  - image_picker_ios (from `.symlinks/plugins/image_picker_ios/ios`)
  - photo_manager (from `.symlinks/plugins/photo_manager/ios`)

EXTERNAL SOURCES:
  Flutter:
    :path: Flutter
  haptic_feedback:
    :path: ".symlinks/plugins/haptic_feedback/ios"
  image_picker_ios:
    :path: ".symlinks/plugins/image_picker_ios/ios"
  photo_manager:
    :path: ".symlinks/plugins/photo_manager/ios"

SPEC CHECKSUMS:
  Flutter: e0871f40cf51350855a761d2e70bf5af5b9b5de7
  haptic_feedback: 8cb3ee0cb6b797946c2b0df9c99ebc8f7ed79c71
  image_picker_ios: c560581cceedb403a6ff17f2f816d7fea1421fc1
  photo_manager: ff695c7a1dd5bc379974953a2b5c0a293f7c4c8a

PODFILE CHECKSUM: 819463e6a0290f5a72f145ba7cde16e8b6ef0796

COCOAPODS: 1.14.3
